// !$*UTF8*$!
{
	archiveVersion = 1;
	classes = {
	};
	objectVersion = 56;
	objects = {

/* Begin PBXBuildFile section */
		5797990A2A4C312C001EA1CC /* WatchKeeperPDMIIApp.swift in Sources */ = {isa = PBXBuildFile; fileRef = 579799092A4C312C001EA1CC /* WatchKeeperPDMIIApp.swift */; };
		5797990E2A4C312D001EA1CC /* Assets.xcassets in Resources */ = {isa = PBXBuildFile; fileRef = 5797990D2A4C312D001EA1CC /* Assets.xcassets */; };
		579799112A4C312D001EA1CC /* Preview Assets.xcassets in Resources */ = {isa = PBXBuildFile; fileRef = 579799102A4C312D001EA1CC /* Preview Assets.xcassets */; };
		5797991C2A4C31D4001EA1CC /* DiscoverView.swift in Sources */ = {isa = PBXBuildFile; fileRef = 5797991B2A4C31D4001EA1CC /* DiscoverView.swift */; };
		5797991E2A4C3209001EA1CC /* MovieViewModel.swift in Sources */ = {isa = PBXBuildFile; fileRef = 5797991D2A4C3209001EA1CC /* MovieViewModel.swift */; };
		579799202A4C3225001EA1CC /* Movie.swift in Sources */ = {isa = PBXBuildFile; fileRef = 5797991F2A4C3225001EA1CC /* Movie.swift */; };
		579799222A4C3247001EA1CC /* MovieDetailsViewModel.swift in Sources */ = {isa = PBXBuildFile; fileRef = 579799212A4C3247001EA1CC /* MovieDetailsViewModel.swift */; };
		579799242A4C3257001EA1CC /* MovieStore.swift in Sources */ = {isa = PBXBuildFile; fileRef = 579799232A4C3257001EA1CC /* MovieStore.swift */; };
		579799262A4C326A001EA1CC /* CastView.swift in Sources */ = {isa = PBXBuildFile; fileRef = 579799252A4C326A001EA1CC /* CastView.swift */; };
		579799282A4C3291001EA1CC /* MovieDetailView.swift in Sources */ = {isa = PBXBuildFile; fileRef = 579799272A4C3291001EA1CC /* MovieDetailView.swift */; };
		5797992A2A4C32AB001EA1CC /* ScreenViewIntroduction.swift in Sources */ = {isa = PBXBuildFile; fileRef = 579799292A4C32AB001EA1CC /* ScreenViewIntroduction.swift */; };
		5797992C2A4C3317001EA1CC /* TrendingCard.swift in Sources */ = {isa = PBXBuildFile; fileRef = 5797992B2A4C3317001EA1CC /* TrendingCard.swift */; };
		5797992E2A4C3329001EA1CC /* RatingView.swift in Sources */ = {isa = PBXBuildFile; fileRef = 5797992D2A4C3329001EA1CC /* RatingView.swift */; };
		579799302A4C333B001EA1CC /* RatingMoviesView.swift in Sources */ = {isa = PBXBuildFile; fileRef = 5797992F2A4C333B001EA1CC /* RatingMoviesView.swift */; };
		579799322A4C3354001EA1CC /* TrendingResults.swift in Sources */ = {isa = PBXBuildFile; fileRef = 579799312A4C3354001EA1CC /* TrendingResults.swift */; };
		579799342A4C336D001EA1CC /* LikesView.swift in Sources */ = {isa = PBXBuildFile; fileRef = 579799332A4C336D001EA1CC /* LikesView.swift */; };
		579799382A4C44A8001EA1CC /* HistoryView.swift in Sources */ = {isa = PBXBuildFile; fileRef = 579799372A4C44A8001EA1CC /* HistoryView.swift */; };
/* End PBXBuildFile section */

/* Begin PBXFileReference section */
		579799062A4C312C001EA1CC /* WatchKeeperPDMII.app */ = {isa = PBXFileReference; explicitFileType = wrapper.application; includeInIndex = 0; path = WatchKeeperPDMII.app; sourceTree = BUILT_PRODUCTS_DIR; };
		579799092A4C312C001EA1CC /* WatchKeeperPDMIIApp.swift */ = {isa = PBXFileReference; lastKnownFileType = sourcecode.swift; path = WatchKeeperPDMIIApp.swift; sourceTree = "<group>"; };
		5797990D2A4C312D001EA1CC /* Assets.xcassets */ = {isa = PBXFileReference; lastKnownFileType = folder.assetcatalog; path = Assets.xcassets; sourceTree = "<group>"; };
		579799102A4C312D001EA1CC /* Preview Assets.xcassets */ = {isa = PBXFileReference; lastKnownFileType = folder.assetcatalog; path = "Preview Assets.xcassets"; sourceTree = "<group>"; };
		5797991B2A4C31D4001EA1CC /* DiscoverView.swift */ = {isa = PBXFileReference; lastKnownFileType = sourcecode.swift; path = DiscoverView.swift; sourceTree = "<group>"; };
		5797991D2A4C3209001EA1CC /* MovieViewModel.swift */ = {isa = PBXFileReference; lastKnownFileType = sourcecode.swift; path = MovieViewModel.swift; sourceTree = "<group>"; };
		5797991F2A4C3225001EA1CC /* Movie.swift */ = {isa = PBXFileReference; lastKnownFileType = sourcecode.swift; path = Movie.swift; sourceTree = "<group>"; };
		579799212A4C3247001EA1CC /* MovieDetailsViewModel.swift */ = {isa = PBXFileReference; lastKnownFileType = sourcecode.swift; path = MovieDetailsViewModel.swift; sourceTree = "<group>"; };
		579799232A4C3257001EA1CC /* MovieStore.swift */ = {isa = PBXFileReference; lastKnownFileType = sourcecode.swift; path = MovieStore.swift; sourceTree = "<group>"; };
		579799252A4C326A001EA1CC /* CastView.swift */ = {isa = PBXFileReference; lastKnownFileType = sourcecode.swift; path = CastView.swift; sourceTree = "<group>"; };
		579799272A4C3291001EA1CC /* MovieDetailView.swift */ = {isa = PBXFileReference; lastKnownFileType = sourcecode.swift; path = MovieDetailView.swift; sourceTree = "<group>"; };
		579799292A4C32AB001EA1CC /* ScreenViewIntroduction.swift */ = {isa = PBXFileReference; lastKnownFileType = sourcecode.swift; path = ScreenViewIntroduction.swift; sourceTree = "<group>"; };
		5797992B2A4C3317001EA1CC /* TrendingCard.swift */ = {isa = PBXFileReference; lastKnownFileType = sourcecode.swift; path = TrendingCard.swift; sourceTree = "<group>"; };
		5797992D2A4C3329001EA1CC /* RatingView.swift */ = {isa = PBXFileReference; lastKnownFileType = sourcecode.swift; path = RatingView.swift; sourceTree = "<group>"; };
		5797992F2A4C333B001EA1CC /* RatingMoviesView.swift */ = {isa = PBXFileReference; lastKnownFileType = sourcecode.swift; path = RatingMoviesView.swift; sourceTree = "<group>"; };
		579799312A4C3354001EA1CC /* TrendingResults.swift */ = {isa = PBXFileReference; lastKnownFileType = sourcecode.swift; path = TrendingResults.swift; sourceTree = "<group>"; };
		579799332A4C336D001EA1CC /* LikesView.swift */ = {isa = PBXFileReference; lastKnownFileType = sourcecode.swift; path = LikesView.swift; sourceTree = "<group>"; };
		579799372A4C44A8001EA1CC /* HistoryView.swift */ = {isa = PBXFileReference; fileEncoding = 4; lastKnownFileType = sourcecode.swift; name = HistoryView.swift; path = ../../../HistoryView.swift; sourceTree = "<group>"; };
/* End PBXFileReference section */

/* Begin PBXFrameworksBuildPhase section */
		579799032A4C312C001EA1CC /* Frameworks */ = {
			isa = PBXFrameworksBuildPhase;
			buildActionMask = 2147483647;
			files = (
			);
			runOnlyForDeploymentPostprocessing = 0;
		};
/* End PBXFrameworksBuildPhase section */

/* Begin PBXGroup section */
		579798FD2A4C312C001EA1CC = {
			isa = PBXGroup;
			children = (
				579799082A4C312C001EA1CC /* WatchKeeperPDMII */,
				579799072A4C312C001EA1CC /* Products */,
			);
			sourceTree = "<group>";
		};
		579799072A4C312C001EA1CC /* Products */ = {
			isa = PBXGroup;
			children = (
				579799062A4C312C001EA1CC /* WatchKeeperPDMII.app */,
			);
			name = Products;
			sourceTree = "<group>";
		};
		579799082A4C312C001EA1CC /* WatchKeeperPDMII */ = {
			isa = PBXGroup;
			children = (
				579799192A4C319A001EA1CC /* MainScreen */,
				579799092A4C312C001EA1CC /* WatchKeeperPDMIIApp.swift */,
				5797991A2A4C31B8001EA1CC /* MovieDetails */,
				579799182A4C3191001EA1CC /* Model */,
				579799172A4C3174001EA1CC /* Views */,
				5797990D2A4C312D001EA1CC /* Assets.xcassets */,
				5797990F2A4C312D001EA1CC /* Preview Content */,
			);
			path = WatchKeeperPDMII;
			sourceTree = "<group>";
		};
		5797990F2A4C312D001EA1CC /* Preview Content */ = {
			isa = PBXGroup;
			children = (
				579799102A4C312D001EA1CC /* Preview Assets.xcassets */,
			);
			path = "Preview Content";
			sourceTree = "<group>";
		};
		579799172A4C3174001EA1CC /* Views */ = {
			isa = PBXGroup;
			children = (
				5797991B2A4C31D4001EA1CC /* DiscoverView.swift */,
				5797992B2A4C3317001EA1CC /* TrendingCard.swift */,
				579799332A4C336D001EA1CC /* LikesView.swift */,
				5797992D2A4C3329001EA1CC /* RatingView.swift */,
				5797992F2A4C333B001EA1CC /* RatingMoviesView.swift */,
				579799372A4C44A8001EA1CC /* HistoryView.swift */,
			);
			path = Views;
			sourceTree = "<group>";
		};
		579799182A4C3191001EA1CC /* Model */ = {
			isa = PBXGroup;
			children = (
				5797991D2A4C3209001EA1CC /* MovieViewModel.swift */,
				5797991F2A4C3225001EA1CC /* Movie.swift */,
				579799212A4C3247001EA1CC /* MovieDetailsViewModel.swift */,
				579799232A4C3257001EA1CC /* MovieStore.swift */,
				579799312A4C3354001EA1CC /* TrendingResults.swift */,
			);
			path = Model;
			sourceTree = "<group>";
		};
		579799192A4C319A001EA1CC /* MainScreen */ = {
			isa = PBXGroup;
			children = (
				579799292A4C32AB001EA1CC /* ScreenViewIntroduction.swift */,
			);
			path = MainScreen;
			sourceTree = "<group>";
		};
		5797991A2A4C31B8001EA1CC /* MovieDetails */ = {
			isa = PBXGroup;
			children = (
				579799252A4C326A001EA1CC /* CastView.swift */,
				579799272A4C3291001EA1CC /* MovieDetailView.swift */,
			);
			path = MovieDetails;
			sourceTree = "<group>";
		};
/* End PBXGroup section */

/* Begin PBXNativeTarget section */
		579799052A4C312C001EA1CC /* WatchKeeperPDMII */ = {
			isa = PBXNativeTarget;
			buildConfigurationList = 579799142A4C312D001EA1CC /* Build configuration list for PBXNativeTarget "WatchKeeperPDMII" */;
			buildPhases = (
				579799022A4C312C001EA1CC /* Sources */,
				579799032A4C312C001EA1CC /* Frameworks */,
				579799042A4C312C001EA1CC /* Resources */,
			);
			buildRules = (
			);
			dependencies = (
			);
			name = WatchKeeperPDMII;
			productName = WatchKeeperPDMII;
			productReference = 579799062A4C312C001EA1CC /* WatchKeeperPDMII.app */;
			productType = "com.apple.product-type.application";
		};
/* End PBXNativeTarget section */

/* Begin PBXProject section */
		579798FE2A4C312C001EA1CC /* Project object */ = {
			isa = PBXProject;
			attributes = {
				BuildIndependentTargetsInParallel = 1;
				LastSwiftUpdateCheck = 1430;
				LastUpgradeCheck = 1430;
				TargetAttributes = {
					579799052A4C312C001EA1CC = {
						CreatedOnToolsVersion = 14.3;
					};
				};
			};
			buildConfigurationList = 579799012A4C312C001EA1CC /* Build configuration list for PBXProject "WatchKeeperPDMII" */;
			compatibilityVersion = "Xcode 14.0";
			developmentRegion = en;
			hasScannedForEncodings = 0;
			knownRegions = (
				en,
				Base,
			);
			mainGroup = 579798FD2A4C312C001EA1CC;
			productRefGroup = 579799072A4C312C001EA1CC /* Products */;
			projectDirPath = "";
			projectRoot = "";
			targets = (
				579799052A4C312C001EA1CC /* WatchKeeperPDMII */,
			);
		};
/* End PBXProject section */

/* Begin PBXResourcesBuildPhase section */
		579799042A4C312C001EA1CC /* Resources */ = {
			isa = PBXResourcesBuildPhase;
			buildActionMask = 2147483647;
			files = (
				579799112A4C312D001EA1CC /* Preview Assets.xcassets in Resources */,
				5797990E2A4C312D001EA1CC /* Assets.xcassets in Resources */,
			);
			runOnlyForDeploymentPostprocessing = 0;
		};
/* End PBXResourcesBuildPhase section */

/* Begin PBXSourcesBuildPhase section */
		579799022A4C312C001EA1CC /* Sources */ = {
			isa = PBXSourcesBuildPhase;
			buildActionMask = 2147483647;
			files = (
				5797992E2A4C3329001EA1CC /* RatingView.swift in Sources */,
				579799222A4C3247001EA1CC /* MovieDetailsViewModel.swift in Sources */,
				5797990A2A4C312C001EA1CC /* WatchKeeperPDMIIApp.swift in Sources */,
				5797991C2A4C31D4001EA1CC /* DiscoverView.swift in Sources */,
				579799302A4C333B001EA1CC /* RatingMoviesView.swift in Sources */,
				5797992A2A4C32AB001EA1CC /* ScreenViewIntroduction.swift in Sources */,
				5797992C2A4C3317001EA1CC /* TrendingCard.swift in Sources */,
				579799382A4C44A8001EA1CC /* HistoryView.swift in Sources */,
				579799202A4C3225001EA1CC /* Movie.swift in Sources */,
				579799242A4C3257001EA1CC /* MovieStore.swift in Sources */,
				579799342A4C336D001EA1CC /* LikesView.swift in Sources */,
				5797991E2A4C3209001EA1CC /* MovieViewModel.swift in Sources */,
				579799322A4C3354001EA1CC /* TrendingResults.swift in Sources */,
				579799282A4C3291001EA1CC /* MovieDetailView.swift in Sources */,
				579799262A4C326A001EA1CC /* CastView.swift in Sources */,
			);
			runOnlyForDeploymentPostprocessing = 0;
		};
/* End PBXSourcesBuildPhase section */

/* Begin XCBuildConfiguration section */
		579799122A4C312D001EA1CC /* Debug */ = {
			isa = XCBuildConfiguration;
			buildSettings = {
				ALWAYS_SEARCH_USER_PATHS = NO;
				CLANG_ANALYZER_NONNULL = YES;
				CLANG_ANALYZER_NUMBER_OBJECT_CONVERSION = YES_AGGRESSIVE;
				CLANG_CXX_LANGUAGE_STANDARD = "gnu++20";
				CLANG_ENABLE_MODULES = YES;
				CLANG_ENABLE_OBJC_ARC = YES;
				CLANG_ENABLE_OBJC_WEAK = YES;
				CLANG_WARN_BLOCK_CAPTURE_AUTORELEASING = YES;
				CLANG_WARN_BOOL_CONVERSION = YES;
				CLANG_WARN_COMMA = YES;
				CLANG_WARN_CONSTANT_CONVERSION = YES;
				CLANG_WARN_DEPRECATED_OBJC_IMPLEMENTATIONS = YES;
				CLANG_WARN_DIRECT_OBJC_ISA_USAGE = YES_ERROR;
				CLANG_WARN_DOCUMENTATION_COMMENTS = YES;
				CLANG_WARN_EMPTY_BODY = YES;
				CLANG_WARN_ENUM_CONVERSION = YES;
				CLANG_WARN_INFINITE_RECURSION = YES;
				CLANG_WARN_INT_CONVERSION = YES;
				CLANG_WARN_NON_LITERAL_NULL_CONVERSION = YES;
				CLANG_WARN_OBJC_IMPLICIT_RETAIN_SELF = YES;
				CLANG_WARN_OBJC_LITERAL_CONVERSION = YES;
				CLANG_WARN_OBJC_ROOT_CLASS = YES_ERROR;
				CLANG_WARN_QUOTED_INCLUDE_IN_FRAMEWORK_HEADER = YES;
				CLANG_WARN_RANGE_LOOP_ANALYSIS = YES;
				CLANG_WARN_STRICT_PROTOTYPES = YES;
				CLANG_WARN_SUSPICIOUS_MOVE = YES;
				CLANG_WARN_UNGUARDED_AVAILABILITY = YES_AGGRESSIVE;
				CLANG_WARN_UNREACHABLE_CODE = YES;
				CLANG_WARN__DUPLICATE_METHOD_MATCH = YES;
				COPY_PHASE_STRIP = NO;
				DEBUG_INFORMATION_FORMAT = dwarf;
				ENABLE_STRICT_OBJC_MSGSEND = YES;
				ENABLE_TESTABILITY = YES;
				GCC_C_LANGUAGE_STANDARD = gnu11;
				GCC_DYNAMIC_NO_PIC = NO;
				GCC_NO_COMMON_BLOCKS = YES;
				GCC_OPTIMIZATION_LEVEL = 0;
				GCC_PREPROCESSOR_DEFINITIONS = (
					"DEBUG=1",
					"$(inherited)",
				);
				GCC_WARN_64_TO_32_BIT_CONVERSION = YES;
				GCC_WARN_ABOUT_RETURN_TYPE = YES_ERROR;
				GCC_WARN_UNDECLARED_SELECTOR = YES;
				GCC_WARN_UNINITIALIZED_AUTOS = YES_AGGRESSIVE;
				GCC_WARN_UNUSED_FUNCTION = YES;
				GCC_WARN_UNUSED_VARIABLE = YES;
				IPHONEOS_DEPLOYMENT_TARGET = 16.4;
				MTL_ENABLE_DEBUG_INFO = INCLUDE_SOURCE;
				MTL_FAST_MATH = YES;
				ONLY_ACTIVE_ARCH = YES;
				SDKROOT = iphoneos;
				SWIFT_ACTIVE_COMPILATION_CONDITIONS = DEBUG;
				SWIFT_OPTIMIZATION_LEVEL = "-Onone";
			};
			name = Debug;
		};
		579799132A4C312D001EA1CC /* Release */ = {
			isa = XCBuildConfiguration;
			buildSettings = {
				ALWAYS_SEARCH_USER_PATHS = NO;
				CLANG_ANALYZER_NONNULL = YES;
				CLANG_ANALYZER_NUMBER_OBJECT_CONVERSION = YES_AGGRESSIVE;
				CLANG_CXX_LANGUAGE_STANDARD = "gnu++20";
				CLANG_ENABLE_MODULES = YES;
				CLANG_ENABLE_OBJC_ARC = YES;
				CLANG_ENABLE_OBJC_WEAK = YES;
				CLANG_WARN_BLOCK_CAPTURE_AUTORELEASING = YES;
				CLANG_WARN_BOOL_CONVERSION = YES;
				CLANG_WARN_COMMA = YES;
				CLANG_WARN_CONSTANT_CONVERSION = YES;
				CLANG_WARN_DEPRECATED_OBJC_IMPLEMENTATIONS = YES;
				CLANG_WARN_DIRECT_OBJC_ISA_USAGE = YES_ERROR;
				CLANG_WARN_DOCUMENTATION_COMMENTS = YES;
				CLANG_WARN_EMPTY_BODY = YES;
				CLANG_WARN_ENUM_CONVERSION = YES;
				CLANG_WARN_INFINITE_RECURSION = YES;
				CLANG_WARN_INT_CONVERSION = YES;
				CLANG_WARN_NON_LITERAL_NULL_CONVERSION = YES;
				CLANG_WARN_OBJC_IMPLICIT_RETAIN_SELF = YES;
				CLANG_WARN_OBJC_LITERAL_CONVERSION = YES;
				CLANG_WARN_OBJC_ROOT_CLASS = YES_ERROR;
				CLANG_WARN_QUOTED_INCLUDE_IN_FRAMEWORK_HEADER = YES;
				CLANG_WARN_RANGE_LOOP_ANALYSIS = YES;
				CLANG_WARN_STRICT_PROTOTYPES = YES;
				CLANG_WARN_SUSPICIOUS_MOVE = YES;
				CLANG_WARN_UNGUARDED_AVAILABILITY = YES_AGGRESSIVE;
				CLANG_WARN_UNREACHABLE_CODE = YES;
				CLANG_WARN__DUPLICATE_METHOD_MATCH = YES;
				COPY_PHASE_STRIP = NO;
				DEBUG_INFORMATION_FORMAT = "dwarf-with-dsym";
				ENABLE_NS_ASSERTIONS = NO;
				ENABLE_STRICT_OBJC_MSGSEND = YES;
				GCC_C_LANGUAGE_STANDARD = gnu11;
				GCC_NO_COMMON_BLOCKS = YES;
				GCC_WARN_64_TO_32_BIT_CONVERSION = YES;
				GCC_WARN_ABOUT_RETURN_TYPE = YES_ERROR;
				GCC_WARN_UNDECLARED_SELECTOR = YES;
				GCC_WARN_UNINITIALIZED_AUTOS = YES_AGGRESSIVE;
				GCC_WARN_UNUSED_FUNCTION = YES;
				GCC_WARN_UNUSED_VARIABLE = YES;
				IPHONEOS_DEPLOYMENT_TARGET = 16.4;
				MTL_ENABLE_DEBUG_INFO = NO;
				MTL_FAST_MATH = YES;
				SDKROOT = iphoneos;
				SWIFT_COMPILATION_MODE = wholemodule;
				SWIFT_OPTIMIZATION_LEVEL = "-O";
				VALIDATE_PRODUCT = YES;
			};
			name = Release;
		};
		579799152A4C312D001EA1CC /* Debug */ = {
			isa = XCBuildConfiguration;
			buildSettings = {
				ASSETCATALOG_COMPILER_APPICON_NAME = AppIcon;
				ASSETCATALOG_COMPILER_GLOBAL_ACCENT_COLOR_NAME = AccentColor;
				CODE_SIGN_STYLE = Automatic;
				CURRENT_PROJECT_VERSION = 1;
				DEVELOPMENT_ASSET_PATHS = "\"WatchKeeperPDMII/Preview Content\"";
				ENABLE_PREVIEWS = YES;
				GENERATE_INFOPLIST_FILE = YES;
				INFOPLIST_KEY_UIApplicationSceneManifest_Generation = YES;
				INFOPLIST_KEY_UIApplicationSupportsIndirectInputEvents = YES;
				INFOPLIST_KEY_UILaunchScreen_Generation = YES;
				INFOPLIST_KEY_UISupportedInterfaceOrientations_iPad = "UIInterfaceOrientationPortrait UIInterfaceOrientationPortraitUpsideDown UIInterfaceOrientationLandscapeLeft UIInterfaceOrientationLandscapeRight";
				INFOPLIST_KEY_UISupportedInterfaceOrientations_iPhone = "UIInterfaceOrientationPortrait UIInterfaceOrientationLandscapeLeft UIInterfaceOrientationLandscapeRight";
				LD_RUNPATH_SEARCH_PATHS = (
					"$(inherited)",
					"@executable_path/Frameworks",
				);
				MARKETING_VERSION = 1.0;
				PRODUCT_BUNDLE_IDENTIFIER = istec.WatchKeeperPDMII;
				PRODUCT_NAME = "$(TARGET_NAME)";
				SWIFT_EMIT_LOC_STRINGS = YES;
				SWIFT_VERSION = 5.0;
				TARGETED_DEVICE_FAMILY = "1,2";
			};
			name = Debug;
		};
		579799162A4C312D001EA1CC /* Release */ = {
			isa = XCBuildConfiguration;
			buildSettings = {
				ASSETCATALOG_COMPILER_APPICON_NAME = AppIcon;
				ASSETCATALOG_COMPILER_GLOBAL_ACCENT_COLOR_NAME = AccentColor;
				CODE_SIGN_STYLE = Automatic;
				CURRENT_PROJECT_VERSION = 1;
				DEVELOPMENT_ASSET_PATHS = "\"WatchKeeperPDMII/Preview Content\"";
				ENABLE_PREVIEWS = YES;
				GENERATE_INFOPLIST_FILE = YES;
				INFOPLIST_KEY_UIApplicationSceneManifest_Generation = YES;
				INFOPLIST_KEY_UIApplicationSupportsIndirectInputEvents = YES;
				INFOPLIST_KEY_UILaunchScreen_Generation = YES;
				INFOPLIST_KEY_UISupportedInterfaceOrientations_iPad = "UIInterfaceOrientationPortrait UIInterfaceOrientationPortraitUpsideDown UIInterfaceOrientationLandscapeLeft UIInterfaceOrientationLandscapeRight";
				INFOPLIST_KEY_UISupportedInterfaceOrientations_iPhone = "UIInterfaceOrientationPortrait UIInterfaceOrientationLandscapeLeft UIInterfaceOrientationLandscapeRight";
				LD_RUNPATH_SEARCH_PATHS = (
					"$(inherited)",
					"@executable_path/Frameworks",
				);
				MARKETING_VERSION = 1.0;
				PRODUCT_BUNDLE_IDENTIFIER = istec.WatchKeeperPDMII;
				PRODUCT_NAME = "$(TARGET_NAME)";
				SWIFT_EMIT_LOC_STRINGS = YES;
				SWIFT_VERSION = 5.0;
				TARGETED_DEVICE_FAMILY = "1,2";
			};
			name = Release;
		};
/* End XCBuildConfiguration section */

/* Begin XCConfigurationList section */
		579799012A4C312C001EA1CC /* Build configuration list for PBXProject "WatchKeeperPDMII" */ = {
			isa = XCConfigurationList;
			buildConfigurations = (
				579799122A4C312D001EA1CC /* Debug */,
				579799132A4C312D001EA1CC /* Release */,
			);
			defaultConfigurationIsVisible = 0;
			defaultConfigurationName = Release;
		};
		579799142A4C312D001EA1CC /* Build configuration list for PBXNativeTarget "WatchKeeperPDMII" */ = {
			isa = XCConfigurationList;
			buildConfigurations = (
				579799152A4C312D001EA1CC /* Debug */,
				579799162A4C312D001EA1CC /* Release */,
			);
			defaultConfigurationIsVisible = 0;
			defaultConfigurationName = Release;
		};
/* End XCConfigurationList section */
	};
	rootObject = 579798FE2A4C312C001EA1CC /* Project object */;
}
